
Microsoft Visual Studio Solution File, Format Version 12.00
# Visual Studio Version 17
VisualStudioVersion = 17.0.31903.59
MinimumVisualStudioVersion = 10.0.40219.1
Project("{2150E333-8FDC-42A3-9474-1A3956D46DE8}") = "src", "src", "{827E0CD3-B72D-47B6-A68D-7590B98EB39B}"
EndProject
Project("{FAE04EC0-301F-11D3-BF4B-00C04F79EFBC}") = "AstraID.Api", "src\AstraID.Api\AstraID.Api.csproj", "{59FBB19D-C31C-4587-AD8F-F844A6B382E3}"
EndProject
Project("{FAE04EC0-301F-11D3-BF4B-00C04F79EFBC}") = "AstraID.Domain", "src\AstraID.Domain\AstraID.Domain.csproj", "{0E3F0942-85B6-4618-A031-E9AD62970225}"
EndProject
Project("{FAE04EC0-301F-11D3-BF4B-00C04F79EFBC}") = "AstraID.Persistence", "src\AstraID.Persistence\AstraID.Persistence.csproj", "{5C8194BE-8E51-4053-86A8-CBB0DD0440C3}"
EndProject
Project("{FAE04EC0-301F-11D3-BF4B-00C04F79EFBC}") = "AstraID.Infrastructure", "src\AstraID.Infrastructure\AstraID.Infrastructure.csproj", "{470F9D64-3EEE-4C07-B756-585AD1420BB7}"
EndProject
Project("{FAE04EC0-301F-11D3-BF4B-00C04F79EFBC}") = "AstraID.Shared", "src\AstraID.Shared\AstraID.Shared.csproj", "{55A04FC0-5E9D-4E6C-93C4-95EDB235FB70}"
EndProject
Project("{FAE04EC0-301F-11D3-BF4B-00C04F79EFBC}") = "AstraID.Api.Tests", "tests\AstraID.Api.Tests\AstraID.Api.Tests.csproj", "{82263FD2-30EE-4298-811F-19737930CD4A}"
EndProject
Project("{FAE04EC0-301F-11D3-BF4B-00C04F79EFBC}") = "AstraID.Persistence.Tests", "tests\AstraID.Persistence.Tests\AstraID.Persistence.Tests.csproj", "{391C3274-41D5-49C9-913A-C6FB47C41A95}"
EndProject
Global
	GlobalSection(SolutionConfigurationPlatforms) = preSolution
		Debug|Any CPU = Debug|Any CPU
		Debug|x64 = Debug|x64
		Debug|x86 = Debug|x86
		Release|Any CPU = Release|Any CPU
		Release|x64 = Release|x64
		Release|x86 = Release|x86
	EndGlobalSection
	GlobalSection(ProjectConfigurationPlatforms) = postSolution
		{59FBB19D-C31C-4587-AD8F-F844A6B382E3}.Debug|Any CPU.ActiveCfg = Debug|Any CPU
		{59FBB19D-C31C-4587-AD8F-F844A6B382E3}.Debug|Any CPU.Build.0 = Debug|Any CPU
		{59FBB19D-C31C-4587-AD8F-F844A6B382E3}.Debug|x64.ActiveCfg = Debug|Any CPU
		{59FBB19D-C31C-4587-AD8F-F844A6B382E3}.Debug|x64.Build.0 = Debug|Any CPU
		{59FBB19D-C31C-4587-AD8F-F844A6B382E3}.Debug|x86.ActiveCfg = Debug|Any CPU
		{59FBB19D-C31C-4587-AD8F-F844A6B382E3}.Debug|x86.Build.0 = Debug|Any CPU
		{59FBB19D-C31C-4587-AD8F-F844A6B382E3}.Release|Any CPU.ActiveCfg = Release|Any CPU
		{59FBB19D-C31C-4587-AD8F-F844A6B382E3}.Release|Any CPU.Build.0 = Release|Any CPU
		{59FBB19D-C31C-4587-AD8F-F844A6B382E3}.Release|x64.ActiveCfg = Release|Any CPU
		{59FBB19D-C31C-4587-AD8F-F844A6B382E3}.Release|x64.Build.0 = Release|Any CPU
		{59FBB19D-C31C-4587-AD8F-F844A6B382E3}.Release|x86.ActiveCfg = Release|Any CPU
		{59FBB19D-C31C-4587-AD8F-F844A6B382E3}.Release|x86.Build.0 = Release|Any CPU
		{0E3F0942-85B6-4618-A031-E9AD62970225}.Debug|Any CPU.ActiveCfg = Debug|Any CPU
		{0E3F0942-85B6-4618-A031-E9AD62970225}.Debug|Any CPU.Build.0 = Debug|Any CPU
		{0E3F0942-85B6-4618-A031-E9AD62970225}.Debug|x64.ActiveCfg = Debug|Any CPU
		{0E3F0942-85B6-4618-A031-E9AD62970225}.Debug|x64.Build.0 = Debug|Any CPU
		{0E3F0942-85B6-4618-A031-E9AD62970225}.Debug|x86.ActiveCfg = Debug|Any CPU
		{0E3F0942-85B6-4618-A031-E9AD62970225}.Debug|x86.Build.0 = Debug|Any CPU
		{0E3F0942-85B6-4618-A031-E9AD62970225}.Release|Any CPU.ActiveCfg = Release|Any CPU
		{0E3F0942-85B6-4618-A031-E9AD62970225}.Release|Any CPU.Build.0 = Release|Any CPU
		{0E3F0942-85B6-4618-A031-E9AD62970225}.Release|x64.ActiveCfg = Release|Any CPU
		{0E3F0942-85B6-4618-A031-E9AD62970225}.Release|x64.Build.0 = Release|Any CPU
		{0E3F0942-85B6-4618-A031-E9AD62970225}.Release|x86.ActiveCfg = Release|Any CPU
		{0E3F0942-85B6-4618-A031-E9AD62970225}.Release|x86.Build.0 = Release|Any CPU
		{5C8194BE-8E51-4053-86A8-CBB0DD0440C3}.Debug|Any CPU.ActiveCfg = Debug|Any CPU
		{5C8194BE-8E51-4053-86A8-CBB0DD0440C3}.Debug|Any CPU.Build.0 = Debug|Any CPU
		{5C8194BE-8E51-4053-86A8-CBB0DD0440C3}.Debug|x64.ActiveCfg = Debug|Any CPU
		{5C8194BE-8E51-4053-86A8-CBB0DD0440C3}.Debug|x64.Build.0 = Debug|Any CPU
		{5C8194BE-8E51-4053-86A8-CBB0DD0440C3}.Debug|x86.ActiveCfg = Debug|Any CPU
		{5C8194BE-8E51-4053-86A8-CBB0DD0440C3}.Debug|x86.Build.0 = Debug|Any CPU
		{5C8194BE-8E51-4053-86A8-CBB0DD0440C3}.Release|Any CPU.ActiveCfg = Release|Any CPU
		{5C8194BE-8E51-4053-86A8-CBB0DD0440C3}.Release|Any CPU.Build.0 = Release|Any CPU
		{5C8194BE-8E51-4053-86A8-CBB0DD0440C3}.Release|x64.ActiveCfg = Release|Any CPU
		{5C8194BE-8E51-4053-86A8-CBB0DD0440C3}.Release|x64.Build.0 = Release|Any CPU
		{5C8194BE-8E51-4053-86A8-CBB0DD0440C3}.Release|x86.ActiveCfg = Release|Any CPU
		{5C8194BE-8E51-4053-86A8-CBB0DD0440C3}.Release|x86.Build.0 = Release|Any CPU
		{470F9D64-3EEE-4C07-B756-585AD1420BB7}.Debug|Any CPU.ActiveCfg = Debug|Any CPU
		{470F9D64-3EEE-4C07-B756-585AD1420BB7}.Debug|Any CPU.Build.0 = Debug|Any CPU
		{470F9D64-3EEE-4C07-B756-585AD1420BB7}.Debug|x64.ActiveCfg = Debug|Any CPU
		{470F9D64-3EEE-4C07-B756-585AD1420BB7}.Debug|x64.Build.0 = Debug|Any CPU
		{470F9D64-3EEE-4C07-B756-585AD1420BB7}.Debug|x86.ActiveCfg = Debug|Any CPU
		{470F9D64-3EEE-4C07-B756-585AD1420BB7}.Debug|x86.Build.0 = Debug|Any CPU
		{470F9D64-3EEE-4C07-B756-585AD1420BB7}.Release|Any CPU.ActiveCfg = Release|Any CPU
		{470F9D64-3EEE-4C07-B756-585AD1420BB7}.Release|Any CPU.Build.0 = Release|Any CPU
		{470F9D64-3EEE-4C07-B756-585AD1420BB7}.Release|x64.ActiveCfg = Release|Any CPU
		{470F9D64-3EEE-4C07-B756-585AD1420BB7}.Release|x64.Build.0 = Release|Any CPU
		{470F9D64-3EEE-4C07-B756-585AD1420BB7}.Release|x86.ActiveCfg = Release|Any CPU
		{470F9D64-3EEE-4C07-B756-585AD1420BB7}.Release|x86.Build.0 = Release|Any CPU
		{55A04FC0-5E9D-4E6C-93C4-95EDB235FB70}.Debug|Any CPU.ActiveCfg = Debug|Any CPU
		{55A04FC0-5E9D-4E6C-93C4-95EDB235FB70}.Debug|Any CPU.Build.0 = Debug|Any CPU
		{55A04FC0-5E9D-4E6C-93C4-95EDB235FB70}.Debug|x64.ActiveCfg = Debug|Any CPU
		{55A04FC0-5E9D-4E6C-93C4-95EDB235FB70}.Debug|x64.Build.0 = Debug|Any CPU
		{55A04FC0-5E9D-4E6C-93C4-95EDB235FB70}.Debug|x86.ActiveCfg = Debug|Any CPU
		{55A04FC0-5E9D-4E6C-93C4-95EDB235FB70}.Debug|x86.Build.0 = Debug|Any CPU
		{55A04FC0-5E9D-4E6C-93C4-95EDB235FB70}.Release|Any CPU.ActiveCfg = Release|Any CPU
		{55A04FC0-5E9D-4E6C-93C4-95EDB235FB70}.Release|Any CPU.Build.0 = Release|Any CPU
		{55A04FC0-5E9D-4E6C-93C4-95EDB235FB70}.Release|x64.ActiveCfg = Release|Any CPU
		{55A04FC0-5E9D-4E6C-93C4-95EDB235FB70}.Release|x64.Build.0 = Release|Any CPU
		{55A04FC0-5E9D-4E6C-93C4-95EDB235FB70}.Release|x86.ActiveCfg = Release|Any CPU
		{55A04FC0-5E9D-4E6C-93C4-95EDB235FB70}.Release|x86.Build.0 = Release|Any CPU
		{82263FD2-30EE-4298-811F-19737930CD4A}.Debug|Any CPU.ActiveCfg = Debug|Any CPU
		{82263FD2-30EE-4298-811F-19737930CD4A}.Debug|Any CPU.Build.0 = Debug|Any CPU
		{82263FD2-30EE-4298-811F-19737930CD4A}.Debug|x64.ActiveCfg = Debug|Any CPU
		{82263FD2-30EE-4298-811F-19737930CD4A}.Debug|x64.Build.0 = Debug|Any CPU
		{82263FD2-30EE-4298-811F-19737930CD4A}.Debug|x86.ActiveCfg = Debug|Any CPU
		{82263FD2-30EE-4298-811F-19737930CD4A}.Debug|x86.Build.0 = Debug|Any CPU
		{82263FD2-30EE-4298-811F-19737930CD4A}.Release|Any CPU.ActiveCfg = Release|Any CPU
		{82263FD2-30EE-4298-811F-19737930CD4A}.Release|Any CPU.Build.0 = Release|Any CPU
		{82263FD2-30EE-4298-811F-19737930CD4A}.Release|x64.ActiveCfg = Release|Any CPU
		{82263FD2-30EE-4298-811F-19737930CD4A}.Release|x64.Build.0 = Release|Any CPU
		{82263FD2-30EE-4298-811F-19737930CD4A}.Release|x86.ActiveCfg = Release|Any CPU
		{82263FD2-30EE-4298-811F-19737930CD4A}.Release|x86.Build.0 = Release|Any CPU
		{391C3274-41D5-49C9-913A-C6FB47C41A95}.Debug|Any CPU.ActiveCfg = Debug|Any CPU
		{391C3274-41D5-49C9-913A-C6FB47C41A95}.Debug|Any CPU.Build.0 = Debug|Any CPU
		{391C3274-41D5-49C9-913A-C6FB47C41A95}.Debug|x64.ActiveCfg = Debug|Any CPU
		{391C3274-41D5-49C9-913A-C6FB47C41A95}.Debug|x64.Build.0 = Debug|Any CPU
		{391C3274-41D5-49C9-913A-C6FB47C41A95}.Debug|x86.ActiveCfg = Debug|Any CPU
		{391C3274-41D5-49C9-913A-C6FB47C41A95}.Debug|x86.Build.0 = Debug|Any CPU
		{391C3274-41D5-49C9-913A-C6FB47C41A95}.Release|Any CPU.ActiveCfg = Release|Any CPU
		{391C3274-41D5-49C9-913A-C6FB47C41A95}.Release|Any CPU.Build.0 = Release|Any CPU
		{391C3274-41D5-49C9-913A-C6FB47C41A95}.Release|x64.ActiveCfg = Release|Any CPU
		{391C3274-41D5-49C9-913A-C6FB47C41A95}.Release|x64.Build.0 = Release|Any CPU
		{391C3274-41D5-49C9-913A-C6FB47C41A95}.Release|x86.ActiveCfg = Release|Any CPU
		{391C3274-41D5-49C9-913A-C6FB47C41A95}.Release|x86.Build.0 = Release|Any CPU
	EndGlobalSection
	GlobalSection(SolutionProperties) = preSolution
		HideSolutionNode = FALSE
	EndGlobalSection
	GlobalSection(NestedProjects) = preSolution
		{59FBB19D-C31C-4587-AD8F-F844A6B382E3} = {827E0CD3-B72D-47B6-A68D-7590B98EB39B}
		{0E3F0942-85B6-4618-A031-E9AD62970225} = {827E0CD3-B72D-47B6-A68D-7590B98EB39B}
		{5C8194BE-8E51-4053-86A8-CBB0DD0440C3} = {827E0CD3-B72D-47B6-A68D-7590B98EB39B}
		{470F9D64-3EEE-4C07-B756-585AD1420BB7} = {827E0CD3-B72D-47B6-A68D-7590B98EB39B}
		{55A04FC0-5E9D-4E6C-93C4-95EDB235FB70} = {827E0CD3-B72D-47B6-A68D-7590B98EB39B}
		{82263FD2-30EE-4298-811F-19737930CD4A} = {827E0CD3-B72D-47B6-A68D-7590B98EB39B}
		{391C3274-41D5-49C9-913A-C6FB47C41A95} = {827E0CD3-B72D-47B6-A68D-7590B98EB39B}
	EndGlobalSection
EndGlobal
