
Microsoft Visual Studio Solution File, Format Version 12.00
# Visual Studio Version 17
VisualStudioVersion = 17.0.31903.59
MinimumVisualStudioVersion = 10.0.40219.1
Project("{2150E333-8FDC-42A3-9474-1A3956D46DE8}") = "src", "src", "{827E0CD3-B72D-47B6-A68D-7590B98EB39B}"
EndProject
Project("{FAE04EC0-301F-11D3-BF4B-00C04F79EFBC}") = "AstraID.Api", "src\AstraID.Api\AstraID.Api.csproj", "{59FBB19D-C31C-4587-AD8F-F844A6B382E3}"
EndProject
Project("{FAE04EC0-301F-11D3-BF4B-00C04F79EFBC}") = "AstraID.Domain", "src\AstraID.Domain\AstraID.Domain.csproj", "{0E3F0942-85B6-4618-A031-E9AD62970225}"
EndProject
Project("{FAE04EC0-301F-11D3-BF4B-00C04F79EFBC}") = "AstraID.Persistence", "src\AstraID.Persistence\AstraID.Persistence.csproj", "{5C8194BE-8E51-4053-86A8-CBB0DD0440C3}"
EndProject
Project("{FAE04EC0-301F-11D3-BF4B-00C04F79EFBC}") = "AstraID.Infrastructure", "src\AstraID.Infrastructure\AstraID.Infrastructure.csproj", "{470F9D64-3EEE-4C07-B756-585AD1420BB7}"
EndProject
Project("{FAE04EC0-301F-11D3-BF4B-00C04F79EFBC}") = "AstraID.Shared", "src\AstraID.Shared\AstraID.Shared.csproj", "{55A04FC0-5E9D-4E6C-93C4-95EDB235FB70}"
EndProject
Project("{FAE04EC0-301F-11D3-BF4B-00C04F79EFBC}") = "AstraID.Api.Tests", "tests\AstraID.Api.Tests\AstraID.Api.Tests.csproj", "{82263FD2-30EE-4298-811F-19737930CD4A}"
EndProject
Project("{FAE04EC0-301F-11D3-BF4B-00C04F79EFBC}") = "AstraID.Persistence.Tests", "tests\AstraID.Persistence.Tests\AstraID.Persistence.Tests.csproj", "{391C3274-41D5-49C9-913A-C6FB47C41A95}"
EndProject
Project("{2150E333-8FDC-42A3-9474-1A3956D46DE8}") = "tests", "tests", "{0AB3BF05-4346-4AA6-1389-037BE0695223}"
EndProject
Project("{FAE04EC0-301F-11D3-BF4B-00C04F79EFBC}") = "AstraID.Domain.Tests", "tests\AstraID.Domain.Tests\AstraID.Domain.Tests.csproj", "{FC3B8922-6E6A-4143-9576-08A32CECB2D9}"
EndProject
Project("{FAE04EC0-301F-11D3-BF4B-00C04F79EFBC}") = "AstraID.Application", "src\AstraID.Application\AstraID.Application.csproj", "{59614254-4AF8-4009-9B53-6F9E71DA5F06}"
EndProject
Project("{2150E333-8FDC-42A3-9474-1A3956D46DE8}") = "Common", "Common", "{E20385C6-4CD7-5BF4-C007-71E5EE00BC8D}"
EndProject
Project("{FAE04EC0-301F-11D3-BF4B-00C04F79EFBC}") = "AstraID.Tests.Common", "tests\Common\AstraID.Tests.Common.csproj", "{6EDAD29D-2E40-47DD-B165-37A04E9EAFFC}"
EndProject
Project("{FAE04EC0-301F-11D3-BF4B-00C04F79EFBC}") = "AstraID.UnitTests", "tests\AstraID.UnitTests\AstraID.UnitTests.csproj", "{32675EF1-71F7-4AEC-9E0A-6FF4890396E1}"
EndProject
Project("{FAE04EC0-301F-11D3-BF4B-00C04F79EFBC}") = "AstraID.IntegrationTests", "tests\AstraID.IntegrationTests\AstraID.IntegrationTests.csproj", "{2DED98DD-03B2-4D59-9A81-54245888A435}"
EndProject
Project("{FAE04EC0-301F-11D3-BF4B-00C04F79EFBC}") = "AstraID.SecurityTests", "tests\AstraID.SecurityTests\AstraID.SecurityTests.csproj", "{7E00E9F9-7363-4BD8-92EF-9BBC1422E9FA}"
EndProject
Project("{FAE04EC0-301F-11D3-BF4B-00C04F79EFBC}") = "AstraID.LoadTests", "tests\AstraID.LoadTests\AstraID.LoadTests.csproj", "{5971CBFF-9B36-46BA-9671-7644579ABC61}"
EndProject
Global
	GlobalSection(SolutionConfigurationPlatforms) = preSolution
		Debug|Any CPU = Debug|Any CPU
		Debug|x64 = Debug|x64
		Debug|x86 = Debug|x86
		Release|Any CPU = Release|Any CPU
		Release|x64 = Release|x64
		Release|x86 = Release|x86
	EndGlobalSection
	GlobalSection(ProjectConfigurationPlatforms) = postSolution
		{59FBB19D-C31C-4587-AD8F-F844A6B382E3}.Debug|Any CPU.ActiveCfg = Debug|Any CPU
		{59FBB19D-C31C-4587-AD8F-F844A6B382E3}.Debug|Any CPU.Build.0 = Debug|Any CPU
		{59FBB19D-C31C-4587-AD8F-F844A6B382E3}.Debug|x64.ActiveCfg = Debug|Any CPU
		{59FBB19D-C31C-4587-AD8F-F844A6B382E3}.Debug|x64.Build.0 = Debug|Any CPU
		{59FBB19D-C31C-4587-AD8F-F844A6B382E3}.Debug|x86.ActiveCfg = Debug|Any CPU
		{59FBB19D-C31C-4587-AD8F-F844A6B382E3}.Debug|x86.Build.0 = Debug|Any CPU
		{59FBB19D-C31C-4587-AD8F-F844A6B382E3}.Release|Any CPU.ActiveCfg = Release|Any CPU
		{59FBB19D-C31C-4587-AD8F-F844A6B382E3}.Release|Any CPU.Build.0 = Release|Any CPU
		{59FBB19D-C31C-4587-AD8F-F844A6B382E3}.Release|x64.ActiveCfg = Release|Any CPU
		{59FBB19D-C31C-4587-AD8F-F844A6B382E3}.Release|x64.Build.0 = Release|Any CPU
		{59FBB19D-C31C-4587-AD8F-F844A6B382E3}.Release|x86.ActiveCfg = Release|Any CPU
		{59FBB19D-C31C-4587-AD8F-F844A6B382E3}.Release|x86.Build.0 = Release|Any CPU
		{0E3F0942-85B6-4618-A031-E9AD62970225}.Debug|Any CPU.ActiveCfg = Debug|Any CPU
		{0E3F0942-85B6-4618-A031-E9AD62970225}.Debug|Any CPU.Build.0 = Debug|Any CPU
		{0E3F0942-85B6-4618-A031-E9AD62970225}.Debug|x64.ActiveCfg = Debug|Any CPU
		{0E3F0942-85B6-4618-A031-E9AD62970225}.Debug|x64.Build.0 = Debug|Any CPU
		{0E3F0942-85B6-4618-A031-E9AD62970225}.Debug|x86.ActiveCfg = Debug|Any CPU
		{0E3F0942-85B6-4618-A031-E9AD62970225}.Debug|x86.Build.0 = Debug|Any CPU
		{0E3F0942-85B6-4618-A031-E9AD62970225}.Release|Any CPU.ActiveCfg = Release|Any CPU
		{0E3F0942-85B6-4618-A031-E9AD62970225}.Release|Any CPU.Build.0 = Release|Any CPU
		{0E3F0942-85B6-4618-A031-E9AD62970225}.Release|x64.ActiveCfg = Release|Any CPU
		{0E3F0942-85B6-4618-A031-E9AD62970225}.Release|x64.Build.0 = Release|Any CPU
		{0E3F0942-85B6-4618-A031-E9AD62970225}.Release|x86.ActiveCfg = Release|Any CPU
		{0E3F0942-85B6-4618-A031-E9AD62970225}.Release|x86.Build.0 = Release|Any CPU
		{5C8194BE-8E51-4053-86A8-CBB0DD0440C3}.Debug|Any CPU.ActiveCfg = Debug|Any CPU
		{5C8194BE-8E51-4053-86A8-CBB0DD0440C3}.Debug|Any CPU.Build.0 = Debug|Any CPU
		{5C8194BE-8E51-4053-86A8-CBB0DD0440C3}.Debug|x64.ActiveCfg = Debug|Any CPU
		{5C8194BE-8E51-4053-86A8-CBB0DD0440C3}.Debug|x64.Build.0 = Debug|Any CPU
		{5C8194BE-8E51-4053-86A8-CBB0DD0440C3}.Debug|x86.ActiveCfg = Debug|Any CPU
		{5C8194BE-8E51-4053-86A8-CBB0DD0440C3}.Debug|x86.Build.0 = Debug|Any CPU
		{5C8194BE-8E51-4053-86A8-CBB0DD0440C3}.Release|Any CPU.ActiveCfg = Release|Any CPU
		{5C8194BE-8E51-4053-86A8-CBB0DD0440C3}.Release|Any CPU.Build.0 = Release|Any CPU
		{5C8194BE-8E51-4053-86A8-CBB0DD0440C3}.Release|x64.ActiveCfg = Release|Any CPU
		{5C8194BE-8E51-4053-86A8-CBB0DD0440C3}.Release|x64.Build.0 = Release|Any CPU
		{5C8194BE-8E51-4053-86A8-CBB0DD0440C3}.Release|x86.ActiveCfg = Release|Any CPU
		{5C8194BE-8E51-4053-86A8-CBB0DD0440C3}.Release|x86.Build.0 = Release|Any CPU
		{470F9D64-3EEE-4C07-B756-585AD1420BB7}.Debug|Any CPU.ActiveCfg = Debug|Any CPU
		{470F9D64-3EEE-4C07-B756-585AD1420BB7}.Debug|Any CPU.Build.0 = Debug|Any CPU
		{470F9D64-3EEE-4C07-B756-585AD1420BB7}.Debug|x64.ActiveCfg = Debug|Any CPU
		{470F9D64-3EEE-4C07-B756-585AD1420BB7}.Debug|x64.Build.0 = Debug|Any CPU
		{470F9D64-3EEE-4C07-B756-585AD1420BB7}.Debug|x86.ActiveCfg = Debug|Any CPU
		{470F9D64-3EEE-4C07-B756-585AD1420BB7}.Debug|x86.Build.0 = Debug|Any CPU
		{470F9D64-3EEE-4C07-B756-585AD1420BB7}.Release|Any CPU.ActiveCfg = Release|Any CPU
		{470F9D64-3EEE-4C07-B756-585AD1420BB7}.Release|Any CPU.Build.0 = Release|Any CPU
		{470F9D64-3EEE-4C07-B756-585AD1420BB7}.Release|x64.ActiveCfg = Release|Any CPU
		{470F9D64-3EEE-4C07-B756-585AD1420BB7}.Release|x64.Build.0 = Release|Any CPU
		{470F9D64-3EEE-4C07-B756-585AD1420BB7}.Release|x86.ActiveCfg = Release|Any CPU
		{470F9D64-3EEE-4C07-B756-585AD1420BB7}.Release|x86.Build.0 = Release|Any CPU
		{55A04FC0-5E9D-4E6C-93C4-95EDB235FB70}.Debug|Any CPU.ActiveCfg = Debug|Any CPU
		{55A04FC0-5E9D-4E6C-93C4-95EDB235FB70}.Debug|Any CPU.Build.0 = Debug|Any CPU
		{55A04FC0-5E9D-4E6C-93C4-95EDB235FB70}.Debug|x64.ActiveCfg = Debug|Any CPU
		{55A04FC0-5E9D-4E6C-93C4-95EDB235FB70}.Debug|x64.Build.0 = Debug|Any CPU
		{55A04FC0-5E9D-4E6C-93C4-95EDB235FB70}.Debug|x86.ActiveCfg = Debug|Any CPU
		{55A04FC0-5E9D-4E6C-93C4-95EDB235FB70}.Debug|x86.Build.0 = Debug|Any CPU
		{55A04FC0-5E9D-4E6C-93C4-95EDB235FB70}.Release|Any CPU.ActiveCfg = Release|Any CPU
		{55A04FC0-5E9D-4E6C-93C4-95EDB235FB70}.Release|Any CPU.Build.0 = Release|Any CPU
		{55A04FC0-5E9D-4E6C-93C4-95EDB235FB70}.Release|x64.ActiveCfg = Release|Any CPU
		{55A04FC0-5E9D-4E6C-93C4-95EDB235FB70}.Release|x64.Build.0 = Release|Any CPU
		{55A04FC0-5E9D-4E6C-93C4-95EDB235FB70}.Release|x86.ActiveCfg = Release|Any CPU
		{55A04FC0-5E9D-4E6C-93C4-95EDB235FB70}.Release|x86.Build.0 = Release|Any CPU
		{82263FD2-30EE-4298-811F-19737930CD4A}.Debug|Any CPU.ActiveCfg = Debug|Any CPU
		{82263FD2-30EE-4298-811F-19737930CD4A}.Debug|Any CPU.Build.0 = Debug|Any CPU
		{82263FD2-30EE-4298-811F-19737930CD4A}.Debug|x64.ActiveCfg = Debug|Any CPU
		{82263FD2-30EE-4298-811F-19737930CD4A}.Debug|x64.Build.0 = Debug|Any CPU
		{82263FD2-30EE-4298-811F-19737930CD4A}.Debug|x86.ActiveCfg = Debug|Any CPU
		{82263FD2-30EE-4298-811F-19737930CD4A}.Debug|x86.Build.0 = Debug|Any CPU
		{82263FD2-30EE-4298-811F-19737930CD4A}.Release|Any CPU.ActiveCfg = Release|Any CPU
		{82263FD2-30EE-4298-811F-19737930CD4A}.Release|Any CPU.Build.0 = Release|Any CPU
		{82263FD2-30EE-4298-811F-19737930CD4A}.Release|x64.ActiveCfg = Release|Any CPU
		{82263FD2-30EE-4298-811F-19737930CD4A}.Release|x64.Build.0 = Release|Any CPU
		{82263FD2-30EE-4298-811F-19737930CD4A}.Release|x86.ActiveCfg = Release|Any CPU
		{82263FD2-30EE-4298-811F-19737930CD4A}.Release|x86.Build.0 = Release|Any CPU
		{391C3274-41D5-49C9-913A-C6FB47C41A95}.Debug|Any CPU.ActiveCfg = Debug|Any CPU
		{391C3274-41D5-49C9-913A-C6FB47C41A95}.Debug|Any CPU.Build.0 = Debug|Any CPU
		{391C3274-41D5-49C9-913A-C6FB47C41A95}.Debug|x64.ActiveCfg = Debug|Any CPU
		{391C3274-41D5-49C9-913A-C6FB47C41A95}.Debug|x64.Build.0 = Debug|Any CPU
		{391C3274-41D5-49C9-913A-C6FB47C41A95}.Debug|x86.ActiveCfg = Debug|Any CPU
		{391C3274-41D5-49C9-913A-C6FB47C41A95}.Debug|x86.Build.0 = Debug|Any CPU
		{391C3274-41D5-49C9-913A-C6FB47C41A95}.Release|Any CPU.ActiveCfg = Release|Any CPU
		{391C3274-41D5-49C9-913A-C6FB47C41A95}.Release|Any CPU.Build.0 = Release|Any CPU
		{391C3274-41D5-49C9-913A-C6FB47C41A95}.Release|x64.ActiveCfg = Release|Any CPU
		{391C3274-41D5-49C9-913A-C6FB47C41A95}.Release|x64.Build.0 = Release|Any CPU
		{391C3274-41D5-49C9-913A-C6FB47C41A95}.Release|x86.ActiveCfg = Release|Any CPU
		{391C3274-41D5-49C9-913A-C6FB47C41A95}.Release|x86.Build.0 = Release|Any CPU
		{FC3B8922-6E6A-4143-9576-08A32CECB2D9}.Debug|Any CPU.ActiveCfg = Debug|Any CPU
		{FC3B8922-6E6A-4143-9576-08A32CECB2D9}.Debug|Any CPU.Build.0 = Debug|Any CPU
		{FC3B8922-6E6A-4143-9576-08A32CECB2D9}.Debug|x64.ActiveCfg = Debug|Any CPU
		{FC3B8922-6E6A-4143-9576-08A32CECB2D9}.Debug|x64.Build.0 = Debug|Any CPU
		{FC3B8922-6E6A-4143-9576-08A32CECB2D9}.Debug|x86.ActiveCfg = Debug|Any CPU
		{FC3B8922-6E6A-4143-9576-08A32CECB2D9}.Debug|x86.Build.0 = Debug|Any CPU
		{FC3B8922-6E6A-4143-9576-08A32CECB2D9}.Release|Any CPU.ActiveCfg = Release|Any CPU
		{FC3B8922-6E6A-4143-9576-08A32CECB2D9}.Release|Any CPU.Build.0 = Release|Any CPU
		{FC3B8922-6E6A-4143-9576-08A32CECB2D9}.Release|x64.ActiveCfg = Release|Any CPU
		{FC3B8922-6E6A-4143-9576-08A32CECB2D9}.Release|x64.Build.0 = Release|Any CPU
		{FC3B8922-6E6A-4143-9576-08A32CECB2D9}.Release|x86.ActiveCfg = Release|Any CPU
		{FC3B8922-6E6A-4143-9576-08A32CECB2D9}.Release|x86.Build.0 = Release|Any CPU
		{59614254-4AF8-4009-9B53-6F9E71DA5F06}.Debug|Any CPU.ActiveCfg = Debug|Any CPU
		{59614254-4AF8-4009-9B53-6F9E71DA5F06}.Debug|Any CPU.Build.0 = Debug|Any CPU
		{59614254-4AF8-4009-9B53-6F9E71DA5F06}.Debug|x64.ActiveCfg = Debug|Any CPU
		{59614254-4AF8-4009-9B53-6F9E71DA5F06}.Debug|x64.Build.0 = Debug|Any CPU
		{59614254-4AF8-4009-9B53-6F9E71DA5F06}.Debug|x86.ActiveCfg = Debug|Any CPU
		{59614254-4AF8-4009-9B53-6F9E71DA5F06}.Debug|x86.Build.0 = Debug|Any CPU
		{59614254-4AF8-4009-9B53-6F9E71DA5F06}.Release|Any CPU.ActiveCfg = Release|Any CPU
		{59614254-4AF8-4009-9B53-6F9E71DA5F06}.Release|Any CPU.Build.0 = Release|Any CPU
		{59614254-4AF8-4009-9B53-6F9E71DA5F06}.Release|x64.ActiveCfg = Release|Any CPU
		{59614254-4AF8-4009-9B53-6F9E71DA5F06}.Release|x64.Build.0 = Release|Any CPU
		{59614254-4AF8-4009-9B53-6F9E71DA5F06}.Release|x86.ActiveCfg = Release|Any CPU
		{59614254-4AF8-4009-9B53-6F9E71DA5F06}.Release|x86.Build.0 = Release|Any CPU
		{6EDAD29D-2E40-47DD-B165-37A04E9EAFFC}.Debug|Any CPU.ActiveCfg = Debug|Any CPU
		{6EDAD29D-2E40-47DD-B165-37A04E9EAFFC}.Debug|Any CPU.Build.0 = Debug|Any CPU
		{6EDAD29D-2E40-47DD-B165-37A04E9EAFFC}.Debug|x64.ActiveCfg = Debug|Any CPU
		{6EDAD29D-2E40-47DD-B165-37A04E9EAFFC}.Debug|x64.Build.0 = Debug|Any CPU
		{6EDAD29D-2E40-47DD-B165-37A04E9EAFFC}.Debug|x86.ActiveCfg = Debug|Any CPU
		{6EDAD29D-2E40-47DD-B165-37A04E9EAFFC}.Debug|x86.Build.0 = Debug|Any CPU
		{6EDAD29D-2E40-47DD-B165-37A04E9EAFFC}.Release|Any CPU.ActiveCfg = Release|Any CPU
		{6EDAD29D-2E40-47DD-B165-37A04E9EAFFC}.Release|Any CPU.Build.0 = Release|Any CPU
		{6EDAD29D-2E40-47DD-B165-37A04E9EAFFC}.Release|x64.ActiveCfg = Release|Any CPU
		{6EDAD29D-2E40-47DD-B165-37A04E9EAFFC}.Release|x64.Build.0 = Release|Any CPU
		{6EDAD29D-2E40-47DD-B165-37A04E9EAFFC}.Release|x86.ActiveCfg = Release|Any CPU
		{6EDAD29D-2E40-47DD-B165-37A04E9EAFFC}.Release|x86.Build.0 = Release|Any CPU
		{32675EF1-71F7-4AEC-9E0A-6FF4890396E1}.Debug|Any CPU.ActiveCfg = Debug|Any CPU
		{32675EF1-71F7-4AEC-9E0A-6FF4890396E1}.Debug|Any CPU.Build.0 = Debug|Any CPU
		{32675EF1-71F7-4AEC-9E0A-6FF4890396E1}.Debug|x64.ActiveCfg = Debug|Any CPU
		{32675EF1-71F7-4AEC-9E0A-6FF4890396E1}.Debug|x64.Build.0 = Debug|Any CPU
		{32675EF1-71F7-4AEC-9E0A-6FF4890396E1}.Debug|x86.ActiveCfg = Debug|Any CPU
		{32675EF1-71F7-4AEC-9E0A-6FF4890396E1}.Debug|x86.Build.0 = Debug|Any CPU
		{32675EF1-71F7-4AEC-9E0A-6FF4890396E1}.Release|Any CPU.ActiveCfg = Release|Any CPU
		{32675EF1-71F7-4AEC-9E0A-6FF4890396E1}.Release|Any CPU.Build.0 = Release|Any CPU
		{32675EF1-71F7-4AEC-9E0A-6FF4890396E1}.Release|x64.ActiveCfg = Release|Any CPU
		{32675EF1-71F7-4AEC-9E0A-6FF4890396E1}.Release|x64.Build.0 = Release|Any CPU
		{32675EF1-71F7-4AEC-9E0A-6FF4890396E1}.Release|x86.ActiveCfg = Release|Any CPU
		{32675EF1-71F7-4AEC-9E0A-6FF4890396E1}.Release|x86.Build.0 = Release|Any CPU
		{2DED98DD-03B2-4D59-9A81-54245888A435}.Debug|Any CPU.ActiveCfg = Debug|Any CPU
		{2DED98DD-03B2-4D59-9A81-54245888A435}.Debug|Any CPU.Build.0 = Debug|Any CPU
		{2DED98DD-03B2-4D59-9A81-54245888A435}.Debug|x64.ActiveCfg = Debug|Any CPU
		{2DED98DD-03B2-4D59-9A81-54245888A435}.Debug|x64.Build.0 = Debug|Any CPU
		{2DED98DD-03B2-4D59-9A81-54245888A435}.Debug|x86.ActiveCfg = Debug|Any CPU
		{2DED98DD-03B2-4D59-9A81-54245888A435}.Debug|x86.Build.0 = Debug|Any CPU
		{2DED98DD-03B2-4D59-9A81-54245888A435}.Release|Any CPU.ActiveCfg = Release|Any CPU
		{2DED98DD-03B2-4D59-9A81-54245888A435}.Release|Any CPU.Build.0 = Release|Any CPU
		{2DED98DD-03B2-4D59-9A81-54245888A435}.Release|x64.ActiveCfg = Release|Any CPU
		{2DED98DD-03B2-4D59-9A81-54245888A435}.Release|x64.Build.0 = Release|Any CPU
		{2DED98DD-03B2-4D59-9A81-54245888A435}.Release|x86.ActiveCfg = Release|Any CPU
		{2DED98DD-03B2-4D59-9A81-54245888A435}.Release|x86.Build.0 = Release|Any CPU
		{7E00E9F9-7363-4BD8-92EF-9BBC1422E9FA}.Debug|Any CPU.ActiveCfg = Debug|Any CPU
		{7E00E9F9-7363-4BD8-92EF-9BBC1422E9FA}.Debug|Any CPU.Build.0 = Debug|Any CPU
		{7E00E9F9-7363-4BD8-92EF-9BBC1422E9FA}.Debug|x64.ActiveCfg = Debug|Any CPU
		{7E00E9F9-7363-4BD8-92EF-9BBC1422E9FA}.Debug|x64.Build.0 = Debug|Any CPU
		{7E00E9F9-7363-4BD8-92EF-9BBC1422E9FA}.Debug|x86.ActiveCfg = Debug|Any CPU
		{7E00E9F9-7363-4BD8-92EF-9BBC1422E9FA}.Debug|x86.Build.0 = Debug|Any CPU
		{7E00E9F9-7363-4BD8-92EF-9BBC1422E9FA}.Release|Any CPU.ActiveCfg = Release|Any CPU
		{7E00E9F9-7363-4BD8-92EF-9BBC1422E9FA}.Release|Any CPU.Build.0 = Release|Any CPU
		{7E00E9F9-7363-4BD8-92EF-9BBC1422E9FA}.Release|x64.ActiveCfg = Release|Any CPU
		{7E00E9F9-7363-4BD8-92EF-9BBC1422E9FA}.Release|x64.Build.0 = Release|Any CPU
		{7E00E9F9-7363-4BD8-92EF-9BBC1422E9FA}.Release|x86.ActiveCfg = Release|Any CPU
		{7E00E9F9-7363-4BD8-92EF-9BBC1422E9FA}.Release|x86.Build.0 = Release|Any CPU
		{5971CBFF-9B36-46BA-9671-7644579ABC61}.Debug|Any CPU.ActiveCfg = Debug|Any CPU
		{5971CBFF-9B36-46BA-9671-7644579ABC61}.Debug|Any CPU.Build.0 = Debug|Any CPU
		{5971CBFF-9B36-46BA-9671-7644579ABC61}.Debug|x64.ActiveCfg = Debug|Any CPU
		{5971CBFF-9B36-46BA-9671-7644579ABC61}.Debug|x64.Build.0 = Debug|Any CPU
		{5971CBFF-9B36-46BA-9671-7644579ABC61}.Debug|x86.ActiveCfg = Debug|Any CPU
		{5971CBFF-9B36-46BA-9671-7644579ABC61}.Debug|x86.Build.0 = Debug|Any CPU
		{5971CBFF-9B36-46BA-9671-7644579ABC61}.Release|Any CPU.ActiveCfg = Release|Any CPU
		{5971CBFF-9B36-46BA-9671-7644579ABC61}.Release|Any CPU.Build.0 = Release|Any CPU
		{5971CBFF-9B36-46BA-9671-7644579ABC61}.Release|x64.ActiveCfg = Release|Any CPU
		{5971CBFF-9B36-46BA-9671-7644579ABC61}.Release|x64.Build.0 = Release|Any CPU
		{5971CBFF-9B36-46BA-9671-7644579ABC61}.Release|x86.ActiveCfg = Release|Any CPU
		{5971CBFF-9B36-46BA-9671-7644579ABC61}.Release|x86.Build.0 = Release|Any CPU
	EndGlobalSection
	GlobalSection(SolutionProperties) = preSolution
		HideSolutionNode = FALSE
	EndGlobalSection
	GlobalSection(NestedProjects) = preSolution
		{59FBB19D-C31C-4587-AD8F-F844A6B382E3} = {827E0CD3-B72D-47B6-A68D-7590B98EB39B}
		{0E3F0942-85B6-4618-A031-E9AD62970225} = {827E0CD3-B72D-47B6-A68D-7590B98EB39B}
		{5C8194BE-8E51-4053-86A8-CBB0DD0440C3} = {827E0CD3-B72D-47B6-A68D-7590B98EB39B}
		{470F9D64-3EEE-4C07-B756-585AD1420BB7} = {827E0CD3-B72D-47B6-A68D-7590B98EB39B}
		{55A04FC0-5E9D-4E6C-93C4-95EDB235FB70} = {827E0CD3-B72D-47B6-A68D-7590B98EB39B}
		{82263FD2-30EE-4298-811F-19737930CD4A} = {827E0CD3-B72D-47B6-A68D-7590B98EB39B}
		{391C3274-41D5-49C9-913A-C6FB47C41A95} = {827E0CD3-B72D-47B6-A68D-7590B98EB39B}
		{FC3B8922-6E6A-4143-9576-08A32CECB2D9} = {0AB3BF05-4346-4AA6-1389-037BE0695223}
		{59614254-4AF8-4009-9B53-6F9E71DA5F06} = {827E0CD3-B72D-47B6-A68D-7590B98EB39B}
		{E20385C6-4CD7-5BF4-C007-71E5EE00BC8D} = {0AB3BF05-4346-4AA6-1389-037BE0695223}
		{6EDAD29D-2E40-47DD-B165-37A04E9EAFFC} = {E20385C6-4CD7-5BF4-C007-71E5EE00BC8D}
		{32675EF1-71F7-4AEC-9E0A-6FF4890396E1} = {E20385C6-4CD7-5BF4-C007-71E5EE00BC8D}
		{2DED98DD-03B2-4D59-9A81-54245888A435} = {E20385C6-4CD7-5BF4-C007-71E5EE00BC8D}
		{7E00E9F9-7363-4BD8-92EF-9BBC1422E9FA} = {E20385C6-4CD7-5BF4-C007-71E5EE00BC8D}
		{5971CBFF-9B36-46BA-9671-7644579ABC61} = {E20385C6-4CD7-5BF4-C007-71E5EE00BC8D}
	EndGlobalSection
EndGlobal
